
Microsoft Visual Studio Solution File, Format Version 11.00
# Visual Studio 2010
Project("{FAE04EC0-301F-11D3-BF4B-00C04F79EFBC}") = "rockEmSockumMeatbags", "rockEmSockumMeatbags\rockEmSockumMeatbags\rockEmSockumMeatbags.csproj", "{3EEB31B0-6310-4A7C-9021-83B4CCBFA5CD}"
EndProject
Project("{96E2B04D-8817-42C6-938A-82C39BA4D311}") = "rockEmSockumMeatbagsContent", "rockEmSockumMeatbags\rockEmSockumMeatbagsContent\rockEmSockumMeatbagsContent.contentproj", "{FCB2B460-0F5B-41AC-9981-8F49247966AD}"
EndProject
Global
	GlobalSection(SolutionConfigurationPlatforms) = preSolution
		Debug|x86 = Debug|x86
		Release|x86 = Release|x86
	EndGlobalSection
	GlobalSection(ProjectConfigurationPlatforms) = postSolution
		{3EEB31B0-6310-4A7C-9021-83B4CCBFA5CD}.Debug|x86.ActiveCfg = Debug|x86
		{3EEB31B0-6310-4A7C-9021-83B4CCBFA5CD}.Debug|x86.Build.0 = Debug|x86
		{3EEB31B0-6310-4A7C-9021-83B4CCBFA5CD}.Release|x86.ActiveCfg = Release|x86
		{3EEB31B0-6310-4A7C-9021-83B4CCBFA5CD}.Release|x86.Build.0 = Release|x86
		{FCB2B460-0F5B-41AC-9981-8F49247966AD}.Debug|x86.ActiveCfg = Debug|x86
		{FCB2B460-0F5B-41AC-9981-8F49247966AD}.Release|x86.ActiveCfg = Release|x86
	EndGlobalSection
	GlobalSection(SolutionProperties) = preSolution
		HideSolutionNode = FALSE
	EndGlobalSection
EndGlobal
